
Microsoft Visual Studio Solution File, Format Version 12.00
# Visual Studio Version 17
VisualStudioVersion = 17.5.33516.290
MinimumVisualStudioVersion = 10.0.40219.1
Project("{FAE04EC0-301F-11D3-BF4B-00C04F79EFBC}") = "ApiExamenesFinal2", "ApiExamenesFinal2\ApiExamenesFinal2.csproj", "{B5828A3F-8F3E-454C-BBC4-F4BA1D2525A9}"
EndProject
Global
	GlobalSection(SolutionConfigurationPlatforms) = preSolution
		Debug|Any CPU = Debug|Any CPU
		Release|Any CPU = Release|Any CPU
	EndGlobalSection
	GlobalSection(ProjectConfigurationPlatforms) = postSolution
		{B5828A3F-8F3E-454C-BBC4-F4BA1D2525A9}.Debug|Any CPU.ActiveCfg = Debug|Any CPU
		{B5828A3F-8F3E-454C-BBC4-F4BA1D2525A9}.Debug|Any CPU.Build.0 = Debug|Any CPU
		{B5828A3F-8F3E-454C-BBC4-F4BA1D2525A9}.Release|Any CPU.ActiveCfg = Release|Any CPU
		{B5828A3F-8F3E-454C-BBC4-F4BA1D2525A9}.Release|Any CPU.Build.0 = Release|Any CPU
	EndGlobalSection
	GlobalSection(SolutionProperties) = preSolution
		HideSolutionNode = FALSE
	EndGlobalSection
	GlobalSection(ExtensibilityGlobals) = postSolution
		SolutionGuid = {51BBFEB0-6CAA-40A8-8813-8DC98BB943FE}
	EndGlobalSection
EndGlobal
